# Generated by buf. DO NOT EDIT.
version: v2
deps:
  - name: buf.build/bufbuild/protovalidate
    commit: a3320276596649bcad929ac829d451f4
    digest: b5:285a6d3a423b195a21f45aacc97ee222ac09cfb01a42f0d546aa51d92177b0b9d00eb9ae93e72dabbbefdc77f35a4c7a11f15d913cc08da764fcb6071f85d148
  - name: buf.build/protocolbuffers/wellknowntypes
    commit: d59b7d45e69d4e129a1b797e2766f067
    digest: b5:79d98c29b4fadd41adba4396b9c628daf2db955f7a2cbd8dd00fb21911b31463948b1d2ba4ba202fad034eec23dbf9f56ea3c8dcef5f88e5b85111eadae88359
